// !$*UTF8*$!
{
	archiveVersion = 1;
	classes = {
	};
	objectVersion = 56;
	objects = {

/* Begin PBXBuildFile section */
		199DAC302AA99D8C0085A674 /* TableViewController.swift in Sources */ = {isa = PBXBuildFile; fileRef = 199DAC2F2AA99D8C0085A674 /* TableViewController.swift */; };
		199DAC322AA99DE10085A674 /* Person.swift in Sources */ = {isa = PBXBuildFile; fileRef = 199DAC312AA99DE10085A674 /* Person.swift */; };
		19AF0F6C2A4FDB7F00A14FE2 /* AppDelegate.swift in Sources */ = {isa = PBXBuildFile; fileRef = 19AF0F6B2A4FDB7F00A14FE2 /* AppDelegate.swift */; };
		19AF0F6E2A4FDB7F00A14FE2 /* SceneDelegate.swift in Sources */ = {isa = PBXBuildFile; fileRef = 19AF0F6D2A4FDB7F00A14FE2 /* SceneDelegate.swift */; };
		19AF0F702A4FDB7F00A14FE2 /* ViewController.swift in Sources */ = {isa = PBXBuildFile; fileRef = 19AF0F6F2A4FDB7F00A14FE2 /* ViewController.swift */; };
		19AF0F732A4FDB7F00A14FE2 /* Main.storyboard in Resources */ = {isa = PBXBuildFile; fileRef = 19AF0F712A4FDB7F00A14FE2 /* Main.storyboard */; };
		19AF0F762A4FDB7F00A14FE2 /* StarTimer.xcdatamodeld in Sources */ = {isa = PBXBuildFile; fileRef = 19AF0F742A4FDB7F00A14FE2 /* StarTimer.xcdatamodeld */; };
		19AF0F782A4FDB8200A14FE2 /* Assets.xcassets in Resources */ = {isa = PBXBuildFile; fileRef = 19AF0F772A4FDB8200A14FE2 /* Assets.xcassets */; };
		19AF0F7B2A4FDB8200A14FE2 /* LaunchScreen.storyboard in Resources */ = {isa = PBXBuildFile; fileRef = 19AF0F792A4FDB8200A14FE2 /* LaunchScreen.storyboard */; };
		19AF0F832A4FE28100A14FE2 /* SecondViewController.swift in Sources */ = {isa = PBXBuildFile; fileRef = 19AF0F822A4FE28100A14FE2 /* SecondViewController.swift */; };
/* End PBXBuildFile section */

/* Begin PBXFileReference section */
		199DAC2F2AA99D8C0085A674 /* TableViewController.swift */ = {isa = PBXFileReference; lastKnownFileType = sourcecode.swift; path = TableViewController.swift; sourceTree = "<group>"; };
		199DAC312AA99DE10085A674 /* Person.swift */ = {isa = PBXFileReference; lastKnownFileType = sourcecode.swift; path = Person.swift; sourceTree = "<group>"; };
		19AF0F682A4FDB7F00A14FE2 /* StarTimer.app */ = {isa = PBXFileReference; explicitFileType = wrapper.application; includeInIndex = 0; path = StarTimer.app; sourceTree = BUILT_PRODUCTS_DIR; };
		19AF0F6B2A4FDB7F00A14FE2 /* AppDelegate.swift */ = {isa = PBXFileReference; lastKnownFileType = sourcecode.swift; path = AppDelegate.swift; sourceTree = "<group>"; };
		19AF0F6D2A4FDB7F00A14FE2 /* SceneDelegate.swift */ = {isa = PBXFileReference; lastKnownFileType = sourcecode.swift; path = SceneDelegate.swift; sourceTree = "<group>"; };
		19AF0F6F2A4FDB7F00A14FE2 /* ViewController.swift */ = {isa = PBXFileReference; lastKnownFileType = sourcecode.swift; path = ViewController.swift; sourceTree = "<group>"; };
		19AF0F722A4FDB7F00A14FE2 /* Base */ = {isa = PBXFileReference; lastKnownFileType = file.storyboard; name = Base; path = Base.lproj/Main.storyboard; sourceTree = "<group>"; };
		19AF0F752A4FDB7F00A14FE2 /* StarTimer.xcdatamodel */ = {isa = PBXFileReference; lastKnownFileType = wrapper.xcdatamodel; path = StarTimer.xcdatamodel; sourceTree = "<group>"; };
		19AF0F772A4FDB8200A14FE2 /* Assets.xcassets */ = {isa = PBXFileReference; lastKnownFileType = folder.assetcatalog; path = Assets.xcassets; sourceTree = "<group>"; };
		19AF0F7A2A4FDB8200A14FE2 /* Base */ = {isa = PBXFileReference; lastKnownFileType = file.storyboard; name = Base; path = Base.lproj/LaunchScreen.storyboard; sourceTree = "<group>"; };
		19AF0F7C2A4FDB8200A14FE2 /* Info.plist */ = {isa = PBXFileReference; lastKnownFileType = text.plist.xml; path = Info.plist; sourceTree = "<group>"; };
		19AF0F822A4FE28100A14FE2 /* SecondViewController.swift */ = {isa = PBXFileReference; lastKnownFileType = sourcecode.swift; path = SecondViewController.swift; sourceTree = "<group>"; };
/* End PBXFileReference section */

/* Begin PBXFrameworksBuildPhase section */
		19AF0F652A4FDB7F00A14FE2 /* Frameworks */ = {
			isa = PBXFrameworksBuildPhase;
			buildActionMask = 2147483647;
			files = (
			);
			runOnlyForDeploymentPostprocessing = 0;
		};
/* End PBXFrameworksBuildPhase section */

/* Begin PBXGroup section */
		19AF0F5F2A4FDB7F00A14FE2 = {
			isa = PBXGroup;
			children = (
				19AF0F6A2A4FDB7F00A14FE2 /* StarTimer */,
				19AF0F692A4FDB7F00A14FE2 /* Products */,
			);
			sourceTree = "<group>";
		};
		19AF0F692A4FDB7F00A14FE2 /* Products */ = {
			isa = PBXGroup;
			children = (
				19AF0F682A4FDB7F00A14FE2 /* StarTimer.app */,
			);
			name = Products;
			sourceTree = "<group>";
		};
		19AF0F6A2A4FDB7F00A14FE2 /* StarTimer */ = {
			isa = PBXGroup;
			children = (
				19AF0F822A4FE28100A14FE2 /* SecondViewController.swift */,
				19AF0F6B2A4FDB7F00A14FE2 /* AppDelegate.swift */,
				19AF0F6D2A4FDB7F00A14FE2 /* SceneDelegate.swift */,
				19AF0F6F2A4FDB7F00A14FE2 /* ViewController.swift */,
				199DAC2F2AA99D8C0085A674 /* TableViewController.swift */,
				199DAC312AA99DE10085A674 /* Person.swift */,
				19AF0F712A4FDB7F00A14FE2 /* Main.storyboard */,
				19AF0F772A4FDB8200A14FE2 /* Assets.xcassets */,
				19AF0F792A4FDB8200A14FE2 /* LaunchScreen.storyboard */,
				19AF0F7C2A4FDB8200A14FE2 /* Info.plist */,
				19AF0F742A4FDB7F00A14FE2 /* StarTimer.xcdatamodeld */,
			);
			path = StarTimer;
			sourceTree = "<group>";
		};
/* End PBXGroup section */

/* Begin PBXNativeTarget section */
		19AF0F672A4FDB7F00A14FE2 /* StarTimer */ = {
			isa = PBXNativeTarget;
			buildConfigurationList = 19AF0F7F2A4FDB8200A14FE2 /* Build configuration list for PBXNativeTarget "StarTimer" */;
			buildPhases = (
				19AF0F642A4FDB7F00A14FE2 /* Sources */,
				19AF0F652A4FDB7F00A14FE2 /* Frameworks */,
				19AF0F662A4FDB7F00A14FE2 /* Resources */,
			);
			buildRules = (
			);
			dependencies = (
			);
			name = StarTimer;
			productName = StarTimer;
			productReference = 19AF0F682A4FDB7F00A14FE2 /* StarTimer.app */;
			productType = "com.apple.product-type.application";
		};
/* End PBXNativeTarget section */

/* Begin PBXProject section */
		19AF0F602A4FDB7F00A14FE2 /* Project object */ = {
			isa = PBXProject;
			attributes = {
				BuildIndependentTargetsInParallel = 1;
				LastSwiftUpdateCheck = 1420;
				LastUpgradeCheck = 1420;
				TargetAttributes = {
					19AF0F672A4FDB7F00A14FE2 = {
						CreatedOnToolsVersion = 14.2;
					};
				};
			};
			buildConfigurationList = 19AF0F632A4FDB7F00A14FE2 /* Build configuration list for PBXProject "StarTimer" */;
			compatibilityVersion = "Xcode 14.0";
			developmentRegion = en;
			hasScannedForEncodings = 0;
			knownRegions = (
				en,
				Base,
			);
			mainGroup = 19AF0F5F2A4FDB7F00A14FE2;
			productRefGroup = 19AF0F692A4FDB7F00A14FE2 /* Products */;
			projectDirPath = "";
			projectRoot = "";
			targets = (
				19AF0F672A4FDB7F00A14FE2 /* StarTimer */,
			);
		};
/* End PBXProject section */

/* Begin PBXResourcesBuildPhase section */
		19AF0F662A4FDB7F00A14FE2 /* Resources */ = {
			isa = PBXResourcesBuildPhase;
			buildActionMask = 2147483647;
			files = (
				19AF0F7B2A4FDB8200A14FE2 /* LaunchScreen.storyboard in Resources */,
				19AF0F782A4FDB8200A14FE2 /* Assets.xcassets in Resources */,
				19AF0F732A4FDB7F00A14FE2 /* Main.storyboard in Resources */,
			);
			runOnlyForDeploymentPostprocessing = 0;
		};
/* End PBXResourcesBuildPhase section */

/* Begin PBXSourcesBuildPhase section */
		19AF0F642A4FDB7F00A14FE2 /* Sources */ = {
			isa = PBXSourcesBuildPhase;
			buildActionMask = 2147483647;
			files = (
				19AF0F702A4FDB7F00A14FE2 /* ViewController.swift in Sources */,
				199DAC302AA99D8C0085A674 /* TableViewController.swift in Sources */,
				19AF0F762A4FDB7F00A14FE2 /* StarTimer.xcdatamodeld in Sources */,
				19AF0F6C2A4FDB7F00A14FE2 /* AppDelegate.swift in Sources */,
				199DAC322AA99DE10085A674 /* Person.swift in Sources */,
				19AF0F832A4FE28100A14FE2 /* SecondViewController.swift in Sources */,
				19AF0F6E2A4FDB7F00A14FE2 /* SceneDelegate.swift in Sources */,
			);
			runOnlyForDeploymentPostprocessing = 0;
		};
/* End PBXSourcesBuildPhase section */

/* Begin PBXVariantGroup section */
		19AF0F712A4FDB7F00A14FE2 /* Main.storyboard */ = {
			isa = PBXVariantGroup;
			children = (
				19AF0F722A4FDB7F00A14FE2 /* Base */,
			);
			name = Main.storyboard;
			sourceTree = "<group>";
		};
		19AF0F792A4FDB8200A14FE2 /* LaunchScreen.storyboard */ = {
			isa = PBXVariantGroup;
			children = (
				19AF0F7A2A4FDB8200A14FE2 /* Base */,
			);
			name = LaunchScreen.storyboard;
			sourceTree = "<group>";
		};
/* End PBXVariantGroup section */

/* Begin XCBuildConfiguration section */
		19AF0F7D2A4FDB8200A14FE2 /* Debug */ = {
			isa = XCBuildConfiguration;
			buildSettings = {
				ALWAYS_SEARCH_USER_PATHS = NO;
				CLANG_ANALYZER_NONNULL = YES;
				CLANG_ANALYZER_NUMBER_OBJECT_CONVERSION = YES_AGGRESSIVE;
				CLANG_CXX_LANGUAGE_STANDARD = "gnu++20";
				CLANG_ENABLE_MODULES = YES;
				CLANG_ENABLE_OBJC_ARC = YES;
				CLANG_ENABLE_OBJC_WEAK = YES;
				CLANG_WARN_BLOCK_CAPTURE_AUTORELEASING = YES;
				CLANG_WARN_BOOL_CONVERSION = YES;
				CLANG_WARN_COMMA = YES;
				CLANG_WARN_CONSTANT_CONVERSION = YES;
				CLANG_WARN_DEPRECATED_OBJC_IMPLEMENTATIONS = YES;
				CLANG_WARN_DIRECT_OBJC_ISA_USAGE = YES_ERROR;
				CLANG_WARN_DOCUMENTATION_COMMENTS = YES;
				CLANG_WARN_EMPTY_BODY = YES;
				CLANG_WARN_ENUM_CONVERSION = YES;
				CLANG_WARN_INFINITE_RECURSION = YES;
				CLANG_WARN_INT_CONVERSION = YES;
				CLANG_WARN_NON_LITERAL_NULL_CONVERSION = YES;
				CLANG_WARN_OBJC_IMPLICIT_RETAIN_SELF = YES;
				CLANG_WARN_OBJC_LITERAL_CONVERSION = YES;
				CLANG_WARN_OBJC_ROOT_CLASS = YES_ERROR;
				CLANG_WARN_QUOTED_INCLUDE_IN_FRAMEWORK_HEADER = YES;
				CLANG_WARN_RANGE_LOOP_ANALYSIS = YES;
				CLANG_WARN_STRICT_PROTOTYPES = YES;
				CLANG_WARN_SUSPICIOUS_MOVE = YES;
				CLANG_WARN_UNGUARDED_AVAILABILITY = YES_AGGRESSIVE;
				CLANG_WARN_UNREACHABLE_CODE = YES;
				CLANG_WARN__DUPLICATE_METHOD_MATCH = YES;
				COPY_PHASE_STRIP = NO;
				DEBUG_INFORMATION_FORMAT = dwarf;
				ENABLE_STRICT_OBJC_MSGSEND = YES;
				ENABLE_TESTABILITY = YES;
				GCC_C_LANGUAGE_STANDARD = gnu11;
				GCC_DYNAMIC_NO_PIC = NO;
				GCC_NO_COMMON_BLOCKS = YES;
				GCC_OPTIMIZATION_LEVEL = 0;
				GCC_PREPROCESSOR_DEFINITIONS = (
					"DEBUG=1",
					"$(inherited)",
				);
				GCC_WARN_64_TO_32_BIT_CONVERSION = YES;
				GCC_WARN_ABOUT_RETURN_TYPE = YES_ERROR;
				GCC_WARN_UNDECLARED_SELECTOR = YES;
				GCC_WARN_UNINITIALIZED_AUTOS = YES_AGGRESSIVE;
				GCC_WARN_UNUSED_FUNCTION = YES;
				GCC_WARN_UNUSED_VARIABLE = YES;
				IPHONEOS_DEPLOYMENT_TARGET = 16.2;
				MTL_ENABLE_DEBUG_INFO = INCLUDE_SOURCE;
				MTL_FAST_MATH = YES;
				ONLY_ACTIVE_ARCH = YES;
				SDKROOT = iphoneos;
				SWIFT_ACTIVE_COMPILATION_CONDITIONS = DEBUG;
				SWIFT_OPTIMIZATION_LEVEL = "-Onone";
			};
			name = Debug;
		};
		19AF0F7E2A4FDB8200A14FE2 /* Release */ = {
			isa = XCBuildConfiguration;
			buildSettings = {
				ALWAYS_SEARCH_USER_PATHS = NO;
				CLANG_ANALYZER_NONNULL = YES;
				CLANG_ANALYZER_NUMBER_OBJECT_CONVERSION = YES_AGGRESSIVE;
				CLANG_CXX_LANGUAGE_STANDARD = "gnu++20";
				CLANG_ENABLE_MODULES = YES;
				CLANG_ENABLE_OBJC_ARC = YES;
				CLANG_ENABLE_OBJC_WEAK = YES;
				CLANG_WARN_BLOCK_CAPTURE_AUTORELEASING = YES;
				CLANG_WARN_BOOL_CONVERSION = YES;
				CLANG_WARN_COMMA = YES;
				CLANG_WARN_CONSTANT_CONVERSION = YES;
				CLANG_WARN_DEPRECATED_OBJC_IMPLEMENTATIONS = YES;
				CLANG_WARN_DIRECT_OBJC_ISA_USAGE = YES_ERROR;
				CLANG_WARN_DOCUMENTATION_COMMENTS = YES;
				CLANG_WARN_EMPTY_BODY = YES;
				CLANG_WARN_ENUM_CONVERSION = YES;
				CLANG_WARN_INFINITE_RECURSION = YES;
				CLANG_WARN_INT_CONVERSION = YES;
				CLANG_WARN_NON_LITERAL_NULL_CONVERSION = YES;
				CLANG_WARN_OBJC_IMPLICIT_RETAIN_SELF = YES;
				CLANG_WARN_OBJC_LITERAL_CONVERSION = YES;
				CLANG_WARN_OBJC_ROOT_CLASS = YES_ERROR;
				CLANG_WARN_QUOTED_INCLUDE_IN_FRAMEWORK_HEADER = YES;
				CLANG_WARN_RANGE_LOOP_ANALYSIS = YES;
				CLANG_WARN_STRICT_PROTOTYPES = YES;
				CLANG_WARN_SUSPICIOUS_MOVE = YES;
				CLANG_WARN_UNGUARDED_AVAILABILITY = YES_AGGRESSIVE;
				CLANG_WARN_UNREACHABLE_CODE = YES;
				CLANG_WARN__DUPLICATE_METHOD_MATCH = YES;
				COPY_PHASE_STRIP = NO;
				DEBUG_INFORMATION_FORMAT = "dwarf-with-dsym";
				ENABLE_NS_ASSERTIONS = NO;
				ENABLE_STRICT_OBJC_MSGSEND = YES;
				GCC_C_LANGUAGE_STANDARD = gnu11;
				GCC_NO_COMMON_BLOCKS = YES;
				GCC_WARN_64_TO_32_BIT_CONVERSION = YES;
				GCC_WARN_ABOUT_RETURN_TYPE = YES_ERROR;
				GCC_WARN_UNDECLARED_SELECTOR = YES;
				GCC_WARN_UNINITIALIZED_AUTOS = YES_AGGRESSIVE;
				GCC_WARN_UNUSED_FUNCTION = YES;
				GCC_WARN_UNUSED_VARIABLE = YES;
				IPHONEOS_DEPLOYMENT_TARGET = 16.2;
				MTL_ENABLE_DEBUG_INFO = NO;
				MTL_FAST_MATH = YES;
				SDKROOT = iphoneos;
				SWIFT_COMPILATION_MODE = wholemodule;
				SWIFT_OPTIMIZATION_LEVEL = "-O";
				VALIDATE_PRODUCT = YES;
			};
			name = Release;
		};
		19AF0F802A4FDB8200A14FE2 /* Debug */ = {
			isa = XCBuildConfiguration;
			buildSettings = {
				ASSETCATALOG_COMPILER_APPICON_NAME = AppIcon;
				ASSETCATALOG_COMPILER_GLOBAL_ACCENT_COLOR_NAME = AccentColor;
				CODE_SIGN_STYLE = Automatic;
				CURRENT_PROJECT_VERSION = 1;
				DEVELOPMENT_TEAM = FD2GDQ7A69;
				GENERATE_INFOPLIST_FILE = YES;
				INFOPLIST_FILE = StarTimer/Info.plist;
				INFOPLIST_KEY_UIApplicationSupportsIndirectInputEvents = YES;
				INFOPLIST_KEY_UILaunchStoryboardName = LaunchScreen;
				INFOPLIST_KEY_UIMainStoryboardFile = Main;
				INFOPLIST_KEY_UISupportedInterfaceOrientations_iPad = "UIInterfaceOrientationPortrait UIInterfaceOrientationPortraitUpsideDown UIInterfaceOrientationLandscapeLeft UIInterfaceOrientationLandscapeRight";
				INFOPLIST_KEY_UISupportedInterfaceOrientations_iPhone = "UIInterfaceOrientationPortrait UIInterfaceOrientationLandscapeLeft UIInterfaceOrientationLandscapeRight";
				LD_RUNPATH_SEARCH_PATHS = (
					"$(inherited)",
					"@executable_path/Frameworks",
				);
				MARKETING_VERSION = 1.0;
				PRODUCT_BUNDLE_IDENTIFIER = com.dariyacode.StarTimer;
				PRODUCT_NAME = "$(TARGET_NAME)";
				SWIFT_EMIT_LOC_STRINGS = YES;
				SWIFT_VERSION = 5.0;
				TARGETED_DEVICE_FAMILY = "1,2";
			};
			name = Debug;
		};
		19AF0F812A4FDB8200A14FE2 /* Release */ = {
			isa = XCBuildConfiguration;
			buildSettings = {
				ASSETCATALOG_COMPILER_APPICON_NAME = AppIcon;
				ASSETCATALOG_COMPILER_GLOBAL_ACCENT_COLOR_NAME = AccentColor;
				CODE_SIGN_STYLE = Automatic;
				CURRENT_PROJECT_VERSION = 1;
				DEVELOPMENT_TEAM = FD2GDQ7A69;
				GENERATE_INFOPLIST_FILE = YES;
				INFOPLIST_FILE = StarTimer/Info.plist;
				INFOPLIST_KEY_UIApplicationSupportsIndirectInputEvents = YES;
				INFOPLIST_KEY_UILaunchStoryboardName = LaunchScreen;
				INFOPLIST_KEY_UIMainStoryboardFile = Main;
				INFOPLIST_KEY_UISupportedInterfaceOrientations_iPad = "UIInterfaceOrientationPortrait UIInterfaceOrientationPortraitUpsideDown UIInterfaceOrientationLandscapeLeft UIInterfaceOrientationLandscapeRight";
				INFOPLIST_KEY_UISupportedInterfaceOrientations_iPhone = "UIInterfaceOrientationPortrait UIInterfaceOrientationLandscapeLeft UIInterfaceOrientationLandscapeRight";
				LD_RUNPATH_SEARCH_PATHS = (
					"$(inherited)",
					"@executable_path/Frameworks",
				);
				MARKETING_VERSION = 1.0;
				PRODUCT_BUNDLE_IDENTIFIER = com.dariyacode.StarTimer;
				PRODUCT_NAME = "$(TARGET_NAME)";
				SWIFT_EMIT_LOC_STRINGS = YES;
				SWIFT_VERSION = 5.0;
				TARGETED_DEVICE_FAMILY = "1,2";
			};
			name = Release;
		};
/* End XCBuildConfiguration section */

/* Begin XCConfigurationList section */
		19AF0F632A4FDB7F00A14FE2 /* Build configuration list for PBXProject "StarTimer" */ = {
			isa = XCConfigurationList;
			buildConfigurations = (
				19AF0F7D2A4FDB8200A14FE2 /* Debug */,
				19AF0F7E2A4FDB8200A14FE2 /* Release */,
			);
			defaultConfigurationIsVisible = 0;
			defaultConfigurationName = Release;
		};
		19AF0F7F2A4FDB8200A14FE2 /* Build configuration list for PBXNativeTarget "StarTimer" */ = {
			isa = XCConfigurationList;
			buildConfigurations = (
				19AF0F802A4FDB8200A14FE2 /* Debug */,
				19AF0F812A4FDB8200A14FE2 /* Release */,
			);
			defaultConfigurationIsVisible = 0;
			defaultConfigurationName = Release;
		};
/* End XCConfigurationList section */

/* Begin XCVersionGroup section */
		19AF0F742A4FDB7F00A14FE2 /* StarTimer.xcdatamodeld */ = {
			isa = XCVersionGroup;
			children = (
				19AF0F752A4FDB7F00A14FE2 /* StarTimer.xcdatamodel */,
			);
			currentVersion = 19AF0F752A4FDB7F00A14FE2 /* StarTimer.xcdatamodel */;
			path = StarTimer.xcdatamodeld;
			sourceTree = "<group>";
			versionGroupType = wrapper.xcdatamodel;
		};
/* End XCVersionGroup section */
	};
	rootObject = 19AF0F602A4FDB7F00A14FE2 /* Project object */;
}
